
Microsoft Visual Studio Solution File, Format Version 12.00
# Visual Studio Version 17
VisualStudioVersion = 17.0.31903.59
MinimumVisualStudioVersion = 10.0.40219.1
Project("{FAE04EC0-301F-11D3-BF4B-00C04F79EFBC}") = "SachkovTech.API", "src\SachkovTech.API\SachkovTech.API.csproj", "{C2063B39-6BC1-451E-B961-00EFC1AB5A2B}"
EndProject
Project("{FAE04EC0-301F-11D3-BF4B-00C04F79EFBC}") = "SachkovTech.Infrastructure", "src\SachkovTech.Infrastructure\SachkovTech.Infrastructure.csproj", "{1D91BD53-6F71-4812-A75D-28DD83DADF9B}"
EndProject
Project("{FAE04EC0-301F-11D3-BF4B-00C04F79EFBC}") = "SachkovTech.Domain", "src\SachkovTech.Domain\SachkovTech.Domain.csproj", "{06FC7B34-90D3-4032-92F6-EF8D833C616E}"
EndProject
Project("{FAE04EC0-301F-11D3-BF4B-00C04F79EFBC}") = "SachkovTech.Application", "src\SachkovTech.Application\SachkovTech.Application.csproj", "{F83AE82A-6744-42DE-B20C-FA2712D3F1B3}"
EndProject
Project("{2150E333-8FDC-42A3-9474-1A3956D46DE8}") = "Solution Items", "Solution Items", "{9227B646-C84B-41D7-B2AC-28BD2AA4C6CF}"
	ProjectSection(SolutionItems) = preProject
		docker-compose.yml = docker-compose.yml
	EndProjectSection
EndProject
Project("{FAE04EC0-301F-11D3-BF4B-00C04F79EFBC}") = "SachkovTech.Domain.UnitTests", "tests\SachkovTech.Domain.UnitTests\SachkovTech.Domain.UnitTests.csproj", "{EC9BCD7E-EF6A-4409-9987-7042788E4328}"
EndProject
Project("{2150E333-8FDC-42A3-9474-1A3956D46DE8}") = "src", "src", "{696505DF-F3E6-478B-AA1E-A35BECBB3AF1}"
EndProject
Project("{2150E333-8FDC-42A3-9474-1A3956D46DE8}") = "tests", "tests", "{AC60138D-E08D-4EAB-8309-3D381D52962C}"
EndProject
Project("{FAE04EC0-301F-11D3-BF4B-00C04F79EFBC}") = "SachkovTech.Application.UnitTests", "tests\SachkovTech.Application.UnitTests\SachkovTech.Application.UnitTests.csproj", "{C398512E-9F0A-4DDF-A0B1-7C76918373D7}"
EndProject
Project("{FAE04EC0-301F-11D3-BF4B-00C04F79EFBC}") = "SachkovTech.Infrastructure.Authorization", "src\SachkovTech.Infrastructure.Authorization\SachkovTech.Infrastructure.Authorization.csproj", "{0F297B2C-3A9D-4919-8E01-57EDBCD4B10B}"
EndProject
Global
	GlobalSection(SolutionConfigurationPlatforms) = preSolution
		Debug|Any CPU = Debug|Any CPU
		Release|Any CPU = Release|Any CPU
	EndGlobalSection
	GlobalSection(SolutionProperties) = preSolution
		HideSolutionNode = FALSE
	EndGlobalSection
	GlobalSection(ProjectConfigurationPlatforms) = postSolution
		{C2063B39-6BC1-451E-B961-00EFC1AB5A2B}.Debug|Any CPU.ActiveCfg = Debug|Any CPU
		{C2063B39-6BC1-451E-B961-00EFC1AB5A2B}.Debug|Any CPU.Build.0 = Debug|Any CPU
		{C2063B39-6BC1-451E-B961-00EFC1AB5A2B}.Release|Any CPU.ActiveCfg = Release|Any CPU
		{C2063B39-6BC1-451E-B961-00EFC1AB5A2B}.Release|Any CPU.Build.0 = Release|Any CPU
		{1D91BD53-6F71-4812-A75D-28DD83DADF9B}.Debug|Any CPU.ActiveCfg = Debug|Any CPU
		{1D91BD53-6F71-4812-A75D-28DD83DADF9B}.Debug|Any CPU.Build.0 = Debug|Any CPU
		{1D91BD53-6F71-4812-A75D-28DD83DADF9B}.Release|Any CPU.ActiveCfg = Release|Any CPU
		{1D91BD53-6F71-4812-A75D-28DD83DADF9B}.Release|Any CPU.Build.0 = Release|Any CPU
		{06FC7B34-90D3-4032-92F6-EF8D833C616E}.Debug|Any CPU.ActiveCfg = Debug|Any CPU
		{06FC7B34-90D3-4032-92F6-EF8D833C616E}.Debug|Any CPU.Build.0 = Debug|Any CPU
		{06FC7B34-90D3-4032-92F6-EF8D833C616E}.Release|Any CPU.ActiveCfg = Release|Any CPU
		{06FC7B34-90D3-4032-92F6-EF8D833C616E}.Release|Any CPU.Build.0 = Release|Any CPU
		{F83AE82A-6744-42DE-B20C-FA2712D3F1B3}.Debug|Any CPU.ActiveCfg = Debug|Any CPU
		{F83AE82A-6744-42DE-B20C-FA2712D3F1B3}.Debug|Any CPU.Build.0 = Debug|Any CPU
		{F83AE82A-6744-42DE-B20C-FA2712D3F1B3}.Release|Any CPU.ActiveCfg = Release|Any CPU
		{F83AE82A-6744-42DE-B20C-FA2712D3F1B3}.Release|Any CPU.Build.0 = Release|Any CPU
		{EC9BCD7E-EF6A-4409-9987-7042788E4328}.Debug|Any CPU.ActiveCfg = Debug|Any CPU
		{EC9BCD7E-EF6A-4409-9987-7042788E4328}.Debug|Any CPU.Build.0 = Debug|Any CPU
		{EC9BCD7E-EF6A-4409-9987-7042788E4328}.Release|Any CPU.ActiveCfg = Release|Any CPU
		{EC9BCD7E-EF6A-4409-9987-7042788E4328}.Release|Any CPU.Build.0 = Release|Any CPU
		{C398512E-9F0A-4DDF-A0B1-7C76918373D7}.Debug|Any CPU.ActiveCfg = Debug|Any CPU
		{C398512E-9F0A-4DDF-A0B1-7C76918373D7}.Debug|Any CPU.Build.0 = Debug|Any CPU
		{C398512E-9F0A-4DDF-A0B1-7C76918373D7}.Release|Any CPU.ActiveCfg = Release|Any CPU
		{C398512E-9F0A-4DDF-A0B1-7C76918373D7}.Release|Any CPU.Build.0 = Release|Any CPU
		{0F297B2C-3A9D-4919-8E01-57EDBCD4B10B}.Debug|Any CPU.ActiveCfg = Debug|Any CPU
		{0F297B2C-3A9D-4919-8E01-57EDBCD4B10B}.Debug|Any CPU.Build.0 = Debug|Any CPU
		{0F297B2C-3A9D-4919-8E01-57EDBCD4B10B}.Release|Any CPU.ActiveCfg = Release|Any CPU
		{0F297B2C-3A9D-4919-8E01-57EDBCD4B10B}.Release|Any CPU.Build.0 = Release|Any CPU
	EndGlobalSection
	GlobalSection(NestedProjects) = preSolution
		{C2063B39-6BC1-451E-B961-00EFC1AB5A2B} = {696505DF-F3E6-478B-AA1E-A35BECBB3AF1}
		{F83AE82A-6744-42DE-B20C-FA2712D3F1B3} = {696505DF-F3E6-478B-AA1E-A35BECBB3AF1}
		{06FC7B34-90D3-4032-92F6-EF8D833C616E} = {696505DF-F3E6-478B-AA1E-A35BECBB3AF1}
		{1D91BD53-6F71-4812-A75D-28DD83DADF9B} = {696505DF-F3E6-478B-AA1E-A35BECBB3AF1}
		{EC9BCD7E-EF6A-4409-9987-7042788E4328} = {AC60138D-E08D-4EAB-8309-3D381D52962C}
		{C398512E-9F0A-4DDF-A0B1-7C76918373D7} = {AC60138D-E08D-4EAB-8309-3D381D52962C}
		{0F297B2C-3A9D-4919-8E01-57EDBCD4B10B} = {696505DF-F3E6-478B-AA1E-A35BECBB3AF1}
	EndGlobalSection
EndGlobal
