
Microsoft Visual Studio Solution File, Format Version 12.00
# Visual Studio Version 17
VisualStudioVersion = 17.0.31903.59
MinimumVisualStudioVersion = 10.0.40219.1
Project("{9A19103F-16F7-4668-BE54-9A1E7A4F7556}") = "SachkovTech.Web", "src\SachkovTech.Web\SachkovTech.Web.csproj", "{C2063B39-6BC1-451E-B961-00EFC1AB5A2B}"
EndProject
Project("{2150E333-8FDC-42A3-9474-1A3956D46DE8}") = "Solution Items", "Solution Items", "{9227B646-C84B-41D7-B2AC-28BD2AA4C6CF}"
	ProjectSection(SolutionItems) = preProject
		docker-compose.yml = docker-compose.yml
	EndProjectSection
EndProject
Project("{9A19103F-16F7-4668-BE54-9A1E7A4F7556}") = "SachkovTech.Domain.UnitTests", "tests\SachkovTech.Domain.UnitTests\SachkovTech.Domain.UnitTests.csproj", "{EC9BCD7E-EF6A-4409-9987-7042788E4328}"
EndProject
Project("{2150E333-8FDC-42A3-9474-1A3956D46DE8}") = "src", "src", "{696505DF-F3E6-478B-AA1E-A35BECBB3AF1}"
EndProject
Project("{2150E333-8FDC-42A3-9474-1A3956D46DE8}") = "tests", "tests", "{AC60138D-E08D-4EAB-8309-3D381D52962C}"
EndProject
Project("{9A19103F-16F7-4668-BE54-9A1E7A4F7556}") = "SachkovTech.Application.UnitTests", "tests\SachkovTech.Application.UnitTests\SachkovTech.Application.UnitTests.csproj", "{C398512E-9F0A-4DDF-A0B1-7C76918373D7}"
EndProject
Project("{9A19103F-16F7-4668-BE54-9A1E7A4F7556}") = "SachkovTech.Accounts.Infrastructure", "src\Accounts\SachkovTech.Accounts.Infrastructure\SachkovTech.Accounts.Infrastructure.csproj", "{0F297B2C-3A9D-4919-8E01-57EDBCD4B10B}"
EndProject
Project("{9A19103F-16F7-4668-BE54-9A1E7A4F7556}") = "SachkovTech.Accounts.Application", "src\Accounts\SachkovTech.Accounts.Application\SachkovTech.Accounts.Application.csproj", "{DC09494D-69C3-4FF7-BED4-65869B3A32C6}"
EndProject
Project("{9A19103F-16F7-4668-BE54-9A1E7A4F7556}") = "SachkovTech.Accounts.Domain", "src\Accounts\SachkovTech.Accounts.Domain\SachkovTech.Accounts.Domain.csproj", "{94E3B672-37F1-4373-8C8B-48B64C335826}"
EndProject
Project("{9A19103F-16F7-4668-BE54-9A1E7A4F7556}") = "SachkovTech.Accounts.Presentation", "src\Accounts\SachkovTech.Accounts.Presentation\SachkovTech.Accounts.Presentation.csproj", "{71B9AE58-FC5A-4E25-AFA8-31DA8CD21175}"
EndProject
Project("{9A19103F-16F7-4668-BE54-9A1E7A4F7556}") = "SachkovTech.Core", "src\Shared\SachkovTech.Core\SachkovTech.Core.csproj", "{A2F1FDD2-AF13-4A09-9483-0DABC8E19E2D}"
EndProject
Project("{9A19103F-16F7-4668-BE54-9A1E7A4F7556}") = "SachkovTech.Issues.Domain", "src\Issues\SachkovTech.Issues.Domain\SachkovTech.Issues.Domain.csproj", "{890B3F8D-E258-45A1-834C-CBC73F159A52}"
EndProject
Project("{9A19103F-16F7-4668-BE54-9A1E7A4F7556}") = "SachkovTech.Issues.Application", "src\Issues\SachkovTech.Issues.Application\SachkovTech.Issues.Application.csproj", "{21393E38-CE4C-4472-80A3-D0DD4D05131D}"
EndProject
Project("{9A19103F-16F7-4668-BE54-9A1E7A4F7556}") = "SachkovTech.Issues.Infrastructure", "src\Issues\SachkovTech.Issues.Infrastructure\SachkovTech.Issues.Infrastructure.csproj", "{780E0171-DC71-46A4-8ADE-3815ACCF014E}"
EndProject
Project("{9A19103F-16F7-4668-BE54-9A1E7A4F7556}") = "SachkovTech.Issues.Presentation", "src\Issues\SachkovTech.Issues.Presentation\SachkovTech.Issues.Presentation.csproj", "{345C5ECC-C139-4C59-90BD-33C5864787A4}"
EndProject
Project("{2150E333-8FDC-42A3-9474-1A3956D46DE8}") = "Accounts", "Accounts", "{0F5BCE9B-E821-499E-A48C-F47F19E4A632}"
EndProject
Project("{9A19103F-16F7-4668-BE54-9A1E7A4F7556}") = "SachkovTech.Accounts.Contracts", "src\Accounts\SachkovTech.Accounts.Contracts\SachkovTech.Accounts.Contracts.csproj", "{0601F2F9-092D-4416-8967-959121C46B8E}"
EndProject
Project("{2150E333-8FDC-42A3-9474-1A3956D46DE8}") = "Shared", "Shared", "{339CC8AA-025D-4D5B-A585-4189E4335EF7}"
EndProject
Project("{2150E333-8FDC-42A3-9474-1A3956D46DE8}") = "Files", "Files", "{6F46DBCC-BE2E-4288-868C-7B32F00A3F82}"
EndProject
Project("{9A19103F-16F7-4668-BE54-9A1E7A4F7556}") = "SachkovTech.Files.Domain", "src\Files\SachkovTech.Files.Domain\SachkovTech.Files.Domain.csproj", "{FB465275-7A1F-4A8B-B46E-7F2461BE8886}"
EndProject
Project("{2150E333-8FDC-42A3-9474-1A3956D46DE8}") = "IssueReviews", "IssueReviews", "{5E44087C-3942-4C56-9CD4-0FDBF7EBEE8B}"
EndProject
Project("{9A19103F-16F7-4668-BE54-9A1E7A4F7556}") = "SachkovTech.IssuesReviews.Domain", "src\IssuesReviews\SachkovTech.IssuesReviews.Domain\SachkovTech.IssuesReviews.Domain.csproj", "{79112B66-183C-49D8-A99E-5D71CD83B433}"
EndProject
Project("{2150E333-8FDC-42A3-9474-1A3956D46DE8}") = "IssueSolving", "IssueSolving", "{584ECBC3-5EDC-4CA9-A34E-4425EDA4DD65}"
EndProject
Project("{9A19103F-16F7-4668-BE54-9A1E7A4F7556}") = "SachkovTech.IssueSolving.Domain", "src\IssueSolvings\SachkovTech.IssueSolving.Domain\SachkovTech.IssueSolving.Domain.csproj", "{80C3AD5A-B666-4695-9E45-A93AE28A27A2}"
EndProject
Project("{2150E333-8FDC-42A3-9474-1A3956D46DE8}") = "Issues", "Issues", "{1955B47D-2627-4897-9AF0-863F215DA712}"
EndProject
Project("{9A19103F-16F7-4668-BE54-9A1E7A4F7556}") = "SachkovTech.SharedKernel", "src\Shared\SachkovTech.SharedKernel\SachkovTech.SharedKernel.csproj", "{37121EAE-FD51-403B-9E8B-3393C9F5BA9D}"
EndProject
Project("{9A19103F-16F7-4668-BE54-9A1E7A4F7556}") = "SachkovTech.Framework", "src\Shared\SachkovTech.Framework\SachkovTech.Framework.csproj", "{9F60D3D8-0E87-4FD8-A5AF-6FB8232722E4}"
EndProject
Project("{9A19103F-16F7-4668-BE54-9A1E7A4F7556}") = "SachkovTech.Files.Application", "src\Files\SachkovTech.Files.Application\SachkovTech.Files.Application.csproj", "{EFFE0BA0-4789-42BF-9BF4-1EB0DA8F651D}"
EndProject
Project("{9A19103F-16F7-4668-BE54-9A1E7A4F7556}") = "SachkovTech.Files.Infrastructure", "src\Files\SachkovTech.Files.Infrastructure\SachkovTech.Files.Infrastructure.csproj", "{C9741E48-CA42-46B6-BF43-0F7B782A1C88}"
EndProject
Global
	GlobalSection(SolutionConfigurationPlatforms) = preSolution
		Debug|Any CPU = Debug|Any CPU
		Release|Any CPU = Release|Any CPU
	EndGlobalSection
	GlobalSection(ProjectConfigurationPlatforms) = postSolution
		{C2063B39-6BC1-451E-B961-00EFC1AB5A2B}.Debug|Any CPU.ActiveCfg = Debug|Any CPU
		{C2063B39-6BC1-451E-B961-00EFC1AB5A2B}.Debug|Any CPU.Build.0 = Debug|Any CPU
		{C2063B39-6BC1-451E-B961-00EFC1AB5A2B}.Release|Any CPU.ActiveCfg = Release|Any CPU
		{C2063B39-6BC1-451E-B961-00EFC1AB5A2B}.Release|Any CPU.Build.0 = Release|Any CPU
		{EC9BCD7E-EF6A-4409-9987-7042788E4328}.Debug|Any CPU.ActiveCfg = Debug|Any CPU
		{EC9BCD7E-EF6A-4409-9987-7042788E4328}.Debug|Any CPU.Build.0 = Debug|Any CPU
		{EC9BCD7E-EF6A-4409-9987-7042788E4328}.Release|Any CPU.ActiveCfg = Release|Any CPU
		{EC9BCD7E-EF6A-4409-9987-7042788E4328}.Release|Any CPU.Build.0 = Release|Any CPU
		{C398512E-9F0A-4DDF-A0B1-7C76918373D7}.Debug|Any CPU.ActiveCfg = Debug|Any CPU
		{C398512E-9F0A-4DDF-A0B1-7C76918373D7}.Debug|Any CPU.Build.0 = Debug|Any CPU
		{C398512E-9F0A-4DDF-A0B1-7C76918373D7}.Release|Any CPU.ActiveCfg = Release|Any CPU
		{C398512E-9F0A-4DDF-A0B1-7C76918373D7}.Release|Any CPU.Build.0 = Release|Any CPU
		{0F297B2C-3A9D-4919-8E01-57EDBCD4B10B}.Debug|Any CPU.ActiveCfg = Debug|Any CPU
		{0F297B2C-3A9D-4919-8E01-57EDBCD4B10B}.Debug|Any CPU.Build.0 = Debug|Any CPU
		{0F297B2C-3A9D-4919-8E01-57EDBCD4B10B}.Release|Any CPU.ActiveCfg = Release|Any CPU
		{0F297B2C-3A9D-4919-8E01-57EDBCD4B10B}.Release|Any CPU.Build.0 = Release|Any CPU
		{DC09494D-69C3-4FF7-BED4-65869B3A32C6}.Debug|Any CPU.ActiveCfg = Debug|Any CPU
		{DC09494D-69C3-4FF7-BED4-65869B3A32C6}.Debug|Any CPU.Build.0 = Debug|Any CPU
		{DC09494D-69C3-4FF7-BED4-65869B3A32C6}.Release|Any CPU.ActiveCfg = Release|Any CPU
		{DC09494D-69C3-4FF7-BED4-65869B3A32C6}.Release|Any CPU.Build.0 = Release|Any CPU
		{94E3B672-37F1-4373-8C8B-48B64C335826}.Debug|Any CPU.ActiveCfg = Debug|Any CPU
		{94E3B672-37F1-4373-8C8B-48B64C335826}.Debug|Any CPU.Build.0 = Debug|Any CPU
		{94E3B672-37F1-4373-8C8B-48B64C335826}.Release|Any CPU.ActiveCfg = Release|Any CPU
		{94E3B672-37F1-4373-8C8B-48B64C335826}.Release|Any CPU.Build.0 = Release|Any CPU
		{71B9AE58-FC5A-4E25-AFA8-31DA8CD21175}.Debug|Any CPU.ActiveCfg = Debug|Any CPU
		{71B9AE58-FC5A-4E25-AFA8-31DA8CD21175}.Debug|Any CPU.Build.0 = Debug|Any CPU
		{71B9AE58-FC5A-4E25-AFA8-31DA8CD21175}.Release|Any CPU.ActiveCfg = Release|Any CPU
		{71B9AE58-FC5A-4E25-AFA8-31DA8CD21175}.Release|Any CPU.Build.0 = Release|Any CPU
		{A2F1FDD2-AF13-4A09-9483-0DABC8E19E2D}.Debug|Any CPU.ActiveCfg = Debug|Any CPU
		{A2F1FDD2-AF13-4A09-9483-0DABC8E19E2D}.Debug|Any CPU.Build.0 = Debug|Any CPU
		{A2F1FDD2-AF13-4A09-9483-0DABC8E19E2D}.Release|Any CPU.ActiveCfg = Release|Any CPU
		{A2F1FDD2-AF13-4A09-9483-0DABC8E19E2D}.Release|Any CPU.Build.0 = Release|Any CPU
		{890B3F8D-E258-45A1-834C-CBC73F159A52}.Debug|Any CPU.ActiveCfg = Debug|Any CPU
		{890B3F8D-E258-45A1-834C-CBC73F159A52}.Debug|Any CPU.Build.0 = Debug|Any CPU
		{890B3F8D-E258-45A1-834C-CBC73F159A52}.Release|Any CPU.ActiveCfg = Release|Any CPU
		{890B3F8D-E258-45A1-834C-CBC73F159A52}.Release|Any CPU.Build.0 = Release|Any CPU
		{21393E38-CE4C-4472-80A3-D0DD4D05131D}.Debug|Any CPU.ActiveCfg = Debug|Any CPU
		{21393E38-CE4C-4472-80A3-D0DD4D05131D}.Debug|Any CPU.Build.0 = Debug|Any CPU
		{21393E38-CE4C-4472-80A3-D0DD4D05131D}.Release|Any CPU.ActiveCfg = Release|Any CPU
		{21393E38-CE4C-4472-80A3-D0DD4D05131D}.Release|Any CPU.Build.0 = Release|Any CPU
		{780E0171-DC71-46A4-8ADE-3815ACCF014E}.Debug|Any CPU.ActiveCfg = Debug|Any CPU
		{780E0171-DC71-46A4-8ADE-3815ACCF014E}.Debug|Any CPU.Build.0 = Debug|Any CPU
		{780E0171-DC71-46A4-8ADE-3815ACCF014E}.Release|Any CPU.ActiveCfg = Release|Any CPU
		{780E0171-DC71-46A4-8ADE-3815ACCF014E}.Release|Any CPU.Build.0 = Release|Any CPU
		{345C5ECC-C139-4C59-90BD-33C5864787A4}.Debug|Any CPU.ActiveCfg = Debug|Any CPU
		{345C5ECC-C139-4C59-90BD-33C5864787A4}.Debug|Any CPU.Build.0 = Debug|Any CPU
		{345C5ECC-C139-4C59-90BD-33C5864787A4}.Release|Any CPU.ActiveCfg = Release|Any CPU
		{345C5ECC-C139-4C59-90BD-33C5864787A4}.Release|Any CPU.Build.0 = Release|Any CPU
		{0601F2F9-092D-4416-8967-959121C46B8E}.Debug|Any CPU.ActiveCfg = Debug|Any CPU
		{0601F2F9-092D-4416-8967-959121C46B8E}.Debug|Any CPU.Build.0 = Debug|Any CPU
		{0601F2F9-092D-4416-8967-959121C46B8E}.Release|Any CPU.ActiveCfg = Release|Any CPU
		{0601F2F9-092D-4416-8967-959121C46B8E}.Release|Any CPU.Build.0 = Release|Any CPU
		{FB465275-7A1F-4A8B-B46E-7F2461BE8886}.Debug|Any CPU.ActiveCfg = Debug|Any CPU
		{FB465275-7A1F-4A8B-B46E-7F2461BE8886}.Debug|Any CPU.Build.0 = Debug|Any CPU
		{FB465275-7A1F-4A8B-B46E-7F2461BE8886}.Release|Any CPU.ActiveCfg = Release|Any CPU
		{FB465275-7A1F-4A8B-B46E-7F2461BE8886}.Release|Any CPU.Build.0 = Release|Any CPU
		{79112B66-183C-49D8-A99E-5D71CD83B433}.Debug|Any CPU.ActiveCfg = Debug|Any CPU
		{79112B66-183C-49D8-A99E-5D71CD83B433}.Debug|Any CPU.Build.0 = Debug|Any CPU
		{79112B66-183C-49D8-A99E-5D71CD83B433}.Release|Any CPU.ActiveCfg = Release|Any CPU
		{79112B66-183C-49D8-A99E-5D71CD83B433}.Release|Any CPU.Build.0 = Release|Any CPU
		{80C3AD5A-B666-4695-9E45-A93AE28A27A2}.Debug|Any CPU.ActiveCfg = Debug|Any CPU
		{80C3AD5A-B666-4695-9E45-A93AE28A27A2}.Debug|Any CPU.Build.0 = Debug|Any CPU
		{80C3AD5A-B666-4695-9E45-A93AE28A27A2}.Release|Any CPU.ActiveCfg = Release|Any CPU
		{80C3AD5A-B666-4695-9E45-A93AE28A27A2}.Release|Any CPU.Build.0 = Release|Any CPU
		{37121EAE-FD51-403B-9E8B-3393C9F5BA9D}.Debug|Any CPU.ActiveCfg = Debug|Any CPU
		{37121EAE-FD51-403B-9E8B-3393C9F5BA9D}.Debug|Any CPU.Build.0 = Debug|Any CPU
		{37121EAE-FD51-403B-9E8B-3393C9F5BA9D}.Release|Any CPU.ActiveCfg = Release|Any CPU
		{37121EAE-FD51-403B-9E8B-3393C9F5BA9D}.Release|Any CPU.Build.0 = Release|Any CPU
		{9F60D3D8-0E87-4FD8-A5AF-6FB8232722E4}.Debug|Any CPU.ActiveCfg = Debug|Any CPU
		{9F60D3D8-0E87-4FD8-A5AF-6FB8232722E4}.Debug|Any CPU.Build.0 = Debug|Any CPU
		{9F60D3D8-0E87-4FD8-A5AF-6FB8232722E4}.Release|Any CPU.ActiveCfg = Release|Any CPU
		{9F60D3D8-0E87-4FD8-A5AF-6FB8232722E4}.Release|Any CPU.Build.0 = Release|Any CPU
		{EFFE0BA0-4789-42BF-9BF4-1EB0DA8F651D}.Debug|Any CPU.ActiveCfg = Debug|Any CPU
		{EFFE0BA0-4789-42BF-9BF4-1EB0DA8F651D}.Debug|Any CPU.Build.0 = Debug|Any CPU
		{EFFE0BA0-4789-42BF-9BF4-1EB0DA8F651D}.Release|Any CPU.ActiveCfg = Release|Any CPU
		{EFFE0BA0-4789-42BF-9BF4-1EB0DA8F651D}.Release|Any CPU.Build.0 = Release|Any CPU
		{C9741E48-CA42-46B6-BF43-0F7B782A1C88}.Debug|Any CPU.ActiveCfg = Debug|Any CPU
		{C9741E48-CA42-46B6-BF43-0F7B782A1C88}.Debug|Any CPU.Build.0 = Debug|Any CPU
		{C9741E48-CA42-46B6-BF43-0F7B782A1C88}.Release|Any CPU.ActiveCfg = Release|Any CPU
		{C9741E48-CA42-46B6-BF43-0F7B782A1C88}.Release|Any CPU.Build.0 = Release|Any CPU
	EndGlobalSection
	GlobalSection(SolutionProperties) = preSolution
		HideSolutionNode = FALSE
	EndGlobalSection
	GlobalSection(NestedProjects) = preSolution
		{C2063B39-6BC1-451E-B961-00EFC1AB5A2B} = {696505DF-F3E6-478B-AA1E-A35BECBB3AF1}
		{EC9BCD7E-EF6A-4409-9987-7042788E4328} = {AC60138D-E08D-4EAB-8309-3D381D52962C}
		{C398512E-9F0A-4DDF-A0B1-7C76918373D7} = {AC60138D-E08D-4EAB-8309-3D381D52962C}
		{0F297B2C-3A9D-4919-8E01-57EDBCD4B10B} = {0F5BCE9B-E821-499E-A48C-F47F19E4A632}
		{DC09494D-69C3-4FF7-BED4-65869B3A32C6} = {0F5BCE9B-E821-499E-A48C-F47F19E4A632}
		{94E3B672-37F1-4373-8C8B-48B64C335826} = {0F5BCE9B-E821-499E-A48C-F47F19E4A632}
		{71B9AE58-FC5A-4E25-AFA8-31DA8CD21175} = {0F5BCE9B-E821-499E-A48C-F47F19E4A632}
		{A2F1FDD2-AF13-4A09-9483-0DABC8E19E2D} = {339CC8AA-025D-4D5B-A585-4189E4335EF7}
		{890B3F8D-E258-45A1-834C-CBC73F159A52} = {1955B47D-2627-4897-9AF0-863F215DA712}
		{21393E38-CE4C-4472-80A3-D0DD4D05131D} = {1955B47D-2627-4897-9AF0-863F215DA712}
		{780E0171-DC71-46A4-8ADE-3815ACCF014E} = {1955B47D-2627-4897-9AF0-863F215DA712}
		{345C5ECC-C139-4C59-90BD-33C5864787A4} = {1955B47D-2627-4897-9AF0-863F215DA712}
		{0F5BCE9B-E821-499E-A48C-F47F19E4A632} = {696505DF-F3E6-478B-AA1E-A35BECBB3AF1}
		{0601F2F9-092D-4416-8967-959121C46B8E} = {0F5BCE9B-E821-499E-A48C-F47F19E4A632}
		{339CC8AA-025D-4D5B-A585-4189E4335EF7} = {696505DF-F3E6-478B-AA1E-A35BECBB3AF1}
		{6F46DBCC-BE2E-4288-868C-7B32F00A3F82} = {696505DF-F3E6-478B-AA1E-A35BECBB3AF1}
		{FB465275-7A1F-4A8B-B46E-7F2461BE8886} = {6F46DBCC-BE2E-4288-868C-7B32F00A3F82}
		{5E44087C-3942-4C56-9CD4-0FDBF7EBEE8B} = {696505DF-F3E6-478B-AA1E-A35BECBB3AF1}
		{79112B66-183C-49D8-A99E-5D71CD83B433} = {5E44087C-3942-4C56-9CD4-0FDBF7EBEE8B}
		{584ECBC3-5EDC-4CA9-A34E-4425EDA4DD65} = {696505DF-F3E6-478B-AA1E-A35BECBB3AF1}
		{80C3AD5A-B666-4695-9E45-A93AE28A27A2} = {584ECBC3-5EDC-4CA9-A34E-4425EDA4DD65}
		{1955B47D-2627-4897-9AF0-863F215DA712} = {696505DF-F3E6-478B-AA1E-A35BECBB3AF1}
		{37121EAE-FD51-403B-9E8B-3393C9F5BA9D} = {339CC8AA-025D-4D5B-A585-4189E4335EF7}
		{9F60D3D8-0E87-4FD8-A5AF-6FB8232722E4} = {339CC8AA-025D-4D5B-A585-4189E4335EF7}
		{EFFE0BA0-4789-42BF-9BF4-1EB0DA8F651D} = {6F46DBCC-BE2E-4288-868C-7B32F00A3F82}
		{C9741E48-CA42-46B6-BF43-0F7B782A1C88} = {6F46DBCC-BE2E-4288-868C-7B32F00A3F82}
	EndGlobalSection
	GlobalSection(ExtensibilityGlobals) = postSolution
		SolutionGuid = {C4C037AF-BCC5-4398-B9C2-23770A907520}
	EndGlobalSection
EndGlobal
